{
  "version": "1.0.0",
  "lockfileVersion": 1,
  "requires": true,
  "dependencies": {
    "@tbmp/mp-cloud-sdk": {
      "version": "1.2.2",
      "resolved": "https://registry.npm.taobao.org/@tbmp/mp-cloud-sdk/download/@tbmp/mp-cloud-sdk-1.2.2.tgz",
      "integrity": "sha1-BDWdktSO0aM+gzoUflr/PYrJANA="
    },
    "miniapp-router": {
      "version": "0.1.7",
      "resolved": "https://registry.npm.taobao.org/miniapp-router/download/miniapp-router-0.1.7.tgz",
      "integrity": "sha1-6SmJV0y7DPEXk9YlCNBBP+FluUg="
    }
  }
}
